{
  "version": 1,
  "dependencies": {
    ".NETFramework,Version=v4.7.2": {
      "Crestron.SimplSharp.SDK.Library": {
        "type": "Direct",
        "requested": "[2.20.52, )",
        "resolved": "2.20.52",
        "contentHash": "AwR6R4QZAr+eiFnj9PoyvIGYJPCEWcA4QuGSl79EEdFCcUhLR6D8TT5pyP2+FQU21/88uvzYsaDsKIHfOtUd1g=="
      },
      "Microsoft.NETFramework.ReferenceAssemblies": {
        "type": "Direct",
        "requested": "[1.0.2, )",
        "resolved": "1.0.2",
        "contentHash": "5/cSEVld+px/CuRrbohO/djfg6++eR6zGpy88MgqloXvkj//WXWpFZyu/OpkXPN0u5m+dN/EVwLNYFUxD4h2+A==",
        "dependencies": {
          "Microsoft.NETFramework.ReferenceAssemblies.net472": "1.0.2"
        }
      },
      "Newtonsoft.Json": {
        "type": "Direct",
        "requested": "[13.0.3, )",
        "resolved": "13.0.3",
        "contentHash": "HrC5BXdl00IP9zeV+0Z848QWPAoCr9P3bDEZguI+gkLcBKAOxix/tLEAAHC+UvDNPv4a2d18lOReHMOagPa+zQ=="
      },
      "Microsoft.NETFramework.ReferenceAssemblies.net472": {
        "type": "Transitive",
        "resolved": "1.0.2",
        "contentHash": "ryAuwkvjMC9xYQ0VXsG7ZBo62y5tBmYaCnovOL5IXfnQPQqjvJGRkLMDyUx+dnCb96UVLJv83R6XK+sRnDnaZg=="
      }
    },
    "net6.0": {
      "Crestron.SimplSharp.SDK.Library": {
        "type": "Direct",
        "requested": "[2.20.52, )",
        "resolved": "2.20.52",
        "contentHash": "AwR6R4QZAr+eiFnj9PoyvIGYJPCEWcA4QuGSl79EEdFCcUhLR6D8TT5pyP2+FQU21/88uvzYsaDsKIHfOtUd1g=="
      },
      "Newtonsoft.Json": {
        "type": "Direct",
        "requested": "[13.0.3, )",
        "resolved": "13.0.3",
        "contentHash": "HrC5BXdl00IP9zeV+0Z848QWPAoCr9P3bDEZguI+gkLcBKAOxix/tLEAAHC+UvDNPv4a2d18lOReHMOagPa+zQ=="
      }
    }
  }
}